
Microsoft Visual Studio Solution File, Format Version 12.00
# Visual Studio 14
VisualStudioVersion = 14.0.25420.1
MinimumVisualStudioVersion = 10.0.40219.1
Project("{2150E333-8FDC-42A3-9474-1A3956D46DE8}") = "ext_lib", "ext_lib", "{0F2D9783-9522-4B08-A83A-1F930CEF10FB}"
EndProject
Project("{2150E333-8FDC-42A3-9474-1A3956D46DE8}") = "sample_configs", "sample_configs", "{061B5A91-5E15-403B-AD53-29EE5B2BDD89}"
	ProjectSection(SolutionItems) = preProject
		sample_configs\config.json = sample_configs\config.json
		N:\Visual Studio 2015\Projects\Emzi0767.Net.Discord.AdaBot\sample_configs\pamdb.sql = N:\Visual Studio 2015\Projects\Emzi0767.Net.Discord.AdaBot\sample_configs\pamdb.sql
	EndProjectSection
EndProject
Project("{2150E333-8FDC-42A3-9474-1A3956D46DE8}") = "Solution Items", "Solution Items", "{9EB9A9A8-D8C1-4D35-A445-4EBF17FD3C2D}"
	ProjectSection(SolutionItems) = preProject
		LICENSE.txt = LICENSE.txt
		NOTICE.txt = NOTICE.txt
		README.md = README.md
	EndProjectSection
EndProject
Project("{8BB2217D-0F2D-49D1-97BC-3654ED321F3B}") = "Emzi0767.Ada", "Emzi0767.Ada\Emzi0767.Ada.xproj", "{3B48C959-1A74-4D8E-BA04-E9B8C9039DD8}"
EndProject
Project("{8BB2217D-0F2D-49D1-97BC-3654ED321F3B}") = "Emzi0767.Ada.Plugin.AdvancedCommands", "Emzi0767.Ada.Plugin.AdvancedCommands\Emzi0767.Ada.Plugin.AdvancedCommands.xproj", "{90DEC6F2-E77E-4052-B267-404E5EC05352}"
EndProject
Project("{2150E333-8FDC-42A3-9474-1A3956D46DE8}") = "local_nuget", "local_nuget", "{0D09F3F4-3646-40C0-88EE-40F95019B45D}"
EndProject
Project("{2150E333-8FDC-42A3-9474-1A3956D46DE8}") = "markovcore", "markovcore", "{98076968-E065-42BE-95A0-324B19CFDCBE}"
EndProject
Project("{2150E333-8FDC-42A3-9474-1A3956D46DE8}") = "1.2.1", "1.2.1", "{D21DCA42-045B-46DF-B908-44ABEF79B1C3}"
	ProjectSection(SolutionItems) = preProject
		ext_lib\local_nuget\markovcore\1.2.1\markovcore.1.2.1.nupkg = ext_lib\local_nuget\markovcore\1.2.1\markovcore.1.2.1.nupkg
		ext_lib\local_nuget\markovcore\1.2.1\markovcore.1.2.1.nupkg.sha512 = ext_lib\local_nuget\markovcore\1.2.1\markovcore.1.2.1.nupkg.sha512
		ext_lib\local_nuget\markovcore\1.2.1\markovcore.nuspec = ext_lib\local_nuget\markovcore\1.2.1\markovcore.nuspec
	EndProjectSection
EndProject
Project("{8BB2217D-0F2D-49D1-97BC-3654ED321F3B}") = "Emzi0767.Ada.Plugin.Stallman", "Emzi0767.Ada.Plugin.Stallman\Emzi0767.Ada.Plugin.Stallman.xproj", "{9AA6B4E5-69F9-42E0-BED4-1F453E633759}"
EndProject
Project("{8BB2217D-0F2D-49D1-97BC-3654ED321F3B}") = "Emzi0767.Ada.Plugin.Tags", "Emzi0767.Ada.Plugin.Tags\Emzi0767.Ada.Plugin.Tags.xproj", "{B3DBEB5A-775D-48B6-A867-5C38F59AE5D7}"
EndProject
Project("{8BB2217D-0F2D-49D1-97BC-3654ED321F3B}") = "Emzi0767.Ada.Plugin.Feedle", "Emzi0767.Ada.Plugin.Feedle\Emzi0767.Ada.Plugin.Feedle.xproj", "{95FF5B3D-E1A6-4FB6-BFBF-79D567D91A16}"
EndProject
Project("{8BB2217D-0F2D-49D1-97BC-3654ED321F3B}") = "Emzi0767.AssemblyResolver.Standard", "Emzi0767.AssemblyResolver.Standard\Emzi0767.AssemblyResolver.Standard.xproj", "{799B62EB-0453-4A32-885E-87392C460C2C}"
EndProject
Global
	GlobalSection(SolutionConfigurationPlatforms) = preSolution
		Debug|Any CPU = Debug|Any CPU
		Release|Any CPU = Release|Any CPU
	EndGlobalSection
	GlobalSection(ProjectConfigurationPlatforms) = postSolution
		{3B48C959-1A74-4D8E-BA04-E9B8C9039DD8}.Debug|Any CPU.ActiveCfg = Debug|Any CPU
		{3B48C959-1A74-4D8E-BA04-E9B8C9039DD8}.Debug|Any CPU.Build.0 = Debug|Any CPU
		{3B48C959-1A74-4D8E-BA04-E9B8C9039DD8}.Release|Any CPU.ActiveCfg = Release|Any CPU
		{3B48C959-1A74-4D8E-BA04-E9B8C9039DD8}.Release|Any CPU.Build.0 = Release|Any CPU
		{90DEC6F2-E77E-4052-B267-404E5EC05352}.Debug|Any CPU.ActiveCfg = Debug|Any CPU
		{90DEC6F2-E77E-4052-B267-404E5EC05352}.Debug|Any CPU.Build.0 = Debug|Any CPU
		{90DEC6F2-E77E-4052-B267-404E5EC05352}.Release|Any CPU.ActiveCfg = Release|Any CPU
		{90DEC6F2-E77E-4052-B267-404E5EC05352}.Release|Any CPU.Build.0 = Release|Any CPU
		{9AA6B4E5-69F9-42E0-BED4-1F453E633759}.Debug|Any CPU.ActiveCfg = Debug|Any CPU
		{9AA6B4E5-69F9-42E0-BED4-1F453E633759}.Debug|Any CPU.Build.0 = Debug|Any CPU
		{9AA6B4E5-69F9-42E0-BED4-1F453E633759}.Release|Any CPU.ActiveCfg = Release|Any CPU
		{9AA6B4E5-69F9-42E0-BED4-1F453E633759}.Release|Any CPU.Build.0 = Release|Any CPU
		{B3DBEB5A-775D-48B6-A867-5C38F59AE5D7}.Debug|Any CPU.ActiveCfg = Debug|Any CPU
		{B3DBEB5A-775D-48B6-A867-5C38F59AE5D7}.Debug|Any CPU.Build.0 = Debug|Any CPU
		{B3DBEB5A-775D-48B6-A867-5C38F59AE5D7}.Release|Any CPU.ActiveCfg = Release|Any CPU
		{B3DBEB5A-775D-48B6-A867-5C38F59AE5D7}.Release|Any CPU.Build.0 = Release|Any CPU
		{95FF5B3D-E1A6-4FB6-BFBF-79D567D91A16}.Debug|Any CPU.ActiveCfg = Debug|Any CPU
		{95FF5B3D-E1A6-4FB6-BFBF-79D567D91A16}.Debug|Any CPU.Build.0 = Debug|Any CPU
		{95FF5B3D-E1A6-4FB6-BFBF-79D567D91A16}.Release|Any CPU.ActiveCfg = Release|Any CPU
		{95FF5B3D-E1A6-4FB6-BFBF-79D567D91A16}.Release|Any CPU.Build.0 = Release|Any CPU
		{799B62EB-0453-4A32-885E-87392C460C2C}.Debug|Any CPU.ActiveCfg = Debug|Any CPU
		{799B62EB-0453-4A32-885E-87392C460C2C}.Debug|Any CPU.Build.0 = Debug|Any CPU
		{799B62EB-0453-4A32-885E-87392C460C2C}.Release|Any CPU.ActiveCfg = Release|Any CPU
		{799B62EB-0453-4A32-885E-87392C460C2C}.Release|Any CPU.Build.0 = Release|Any CPU
	EndGlobalSection
	GlobalSection(SolutionProperties) = preSolution
		HideSolutionNode = FALSE
	EndGlobalSection
	GlobalSection(NestedProjects) = preSolution
		{0D09F3F4-3646-40C0-88EE-40F95019B45D} = {0F2D9783-9522-4B08-A83A-1F930CEF10FB}
		{98076968-E065-42BE-95A0-324B19CFDCBE} = {0D09F3F4-3646-40C0-88EE-40F95019B45D}
		{D21DCA42-045B-46DF-B908-44ABEF79B1C3} = {98076968-E065-42BE-95A0-324B19CFDCBE}
	EndGlobalSection
EndGlobal
